
Microsoft Visual Studio Solution File, Format Version 12.00
# Visual Studio Version 17
VisualStudioVersion = 17.7.34031.279
MinimumVisualStudioVersion = 10.0.40219.1
Project("{FAE04EC0-301F-11D3-BF4B-00C04F79EFBC}") = "HotelariaForms", "HotelariaForms\HotelariaForms.csproj", "{6F5C1AA2-989B-43FC-8048-37941B247FF3}"
EndProject
Global
	GlobalSection(SolutionConfigurationPlatforms) = preSolution
		Debug|Any CPU = Debug|Any CPU
		Release|Any CPU = Release|Any CPU
	EndGlobalSection
	GlobalSection(ProjectConfigurationPlatforms) = postSolution
		{6F5C1AA2-989B-43FC-8048-37941B247FF3}.Debug|Any CPU.ActiveCfg = Debug|Any CPU
		{6F5C1AA2-989B-43FC-8048-37941B247FF3}.Debug|Any CPU.Build.0 = Debug|Any CPU
		{6F5C1AA2-989B-43FC-8048-37941B247FF3}.Release|Any CPU.ActiveCfg = Release|Any CPU
		{6F5C1AA2-989B-43FC-8048-37941B247FF3}.Release|Any CPU.Build.0 = Release|Any CPU
	EndGlobalSection
	GlobalSection(SolutionProperties) = preSolution
		HideSolutionNode = FALSE
	EndGlobalSection
	GlobalSection(ExtensibilityGlobals) = postSolution
		SolutionGuid = {FB60495E-F0F8-42F4-8158-4422186E8DE6}
	EndGlobalSection
EndGlobal
